schema: '2.0'
stages:
  preprocess:
    cmd: python src/preprocess.py --input data/data-1754297123597.csv --output 
      data/processed/train.csv --test-output data/processed/test.csv
    deps:
    - path: data/data-1754297123597.csv
      hash: md5
      md5: 41ffc3179892ec1f2042048deaf7d925
      size: 88083031
    - path: src/preprocess.py
      hash: md5
      md5: 5c56addd3ec63a2fa8d02a44c1d3748d
      size: 1843
    outs:
    - path: data/processed/test.csv
      hash: md5
      md5: 248af97c3c07f934f39284d54c82d80f
      size: 11223927
    - path: data/processed/train.csv
      hash: md5
      md5: 8e0f523c3550a233d482382231c31a6f
      size: 44896613
  train:
    cmd: python src/train.py --train data/processed/train.csv --model-dir models
      --metrics-out metrics/train_metrics.json
    deps:
    - path: data/processed/train.csv
      hash: md5
      md5: 8e0f523c3550a233d482382231c31a6f
      size: 44896613
    - path: src/train.py
      hash: md5
      md5: 89bbc456d4b66e7cc73749ee637f570a
      size: 2729
    outs:
    - path: metrics/train_metrics.json
      hash: md5
      md5: 74d679ac1930e18fd688a0c5c5a55cca
      size: 138
    - path: models
      hash: md5
      md5: 537370077d548c2cd9929a8545508905.dir
      size: 1151521
      nfiles: 3
  evaluate:
    cmd: python src/evaluate.py --test data/processed/test.csv --model-dir 
      models --metrics-dir metrics/eval --plots-dir plots/eval
    deps:
    - path: data/processed/test.csv
      hash: md5
      md5: 248af97c3c07f934f39284d54c82d80f
      size: 11223927
    - path: models
      hash: md5
      md5: 537370077d548c2cd9929a8545508905.dir
      size: 1151521
      nfiles: 3
    - path: src/evaluate.py
      hash: md5
      md5: f625989d6198b908060b7d440725359f
      size: 3288
    outs:
    - path: metrics/eval
      hash: md5
      md5: e7a5f8753d4dfb1a18a5a67ee78fc165.dir
      size: 3912
      nfiles: 3
    - path: plots/eval
      hash: md5
      md5: 0a1ce1698999511356242f21d0a9df8d.dir
      size: 81946
      nfiles: 2
